{
  "name": "p2ptnjs",
  "version": "0.1.0",
  "lockfileVersion": 1,
  "requires": true,
  "dependencies": {
    "bufferutil": {
      "version": "4.0.1",
      "resolved": "https://maven-srv.kisters.de:8070/repository/npm-energy-central/bufferutil/-/bufferutil-4.0.1.tgz",
      "integrity": "sha1-Ohd+jlgZoSQ/4WtjoZmVGnrY1Kc=",
      "optional": true,
      "requires": {
        "node-gyp-build": "~3.7.0"
      }
    },
    "node-gyp-build": {
      "version": "3.7.0",
      "resolved": "https://maven-srv.kisters.de:8070/repository/npm-energy-central/node-gyp-build/-/node-gyp-build-3.7.0.tgz",
      "integrity": "sha1-2qd6T1R7mu0+Kqx3nq8VGv1g7I0=",
      "optional": true
    },
    "utf-8-validate": {
      "version": "5.0.2",
      "resolved": "https://maven-srv.kisters.de:8070/repository/npm-energy-central/utf-8-validate/-/utf-8-validate-5.0.2.tgz",
      "integrity": "sha1-Y8+8zYXcHytmz3odDuvAjtBWv7M=",
      "optional": true,
      "requires": {
        "node-gyp-build": "~3.7.0"
      }
    },
    "ws": {
      "version": "7.2.5",
      "resolved": "https://maven-srv.kisters.de:8070/repository/npm-energy-central/ws/-/ws-7.2.5.tgz",
      "integrity": "sha512-C34cIU4+DB2vMyAbmEKossWq2ZQDr6QEyuuCzWrM9zfw1sGc0mYiJ0UnG9zzNykt49C2Fi34hvr2vssFQRS6EA=="
    }
  }
}
